
Microsoft Visual Studio Solution File, Format Version 12.00
Project("{2150E333-8FDC-42A3-9474-1A3956D46DE8}") = "Session1", "Session1", "{63EDC873-2F34-4447-AFA7-7D966429B5BD}"
EndProject
Project("{FAE04EC0-301F-11D3-BF4B-00C04F79EFBC}") = "Session1_Exercise1", "Session1_Exercise1\Session1_Exercise1.csproj", "{EF15A71E-2D45-4793-866E-3F20A3B4D63A}"
EndProject
Project("{FAE04EC0-301F-11D3-BF4B-00C04F79EFBC}") = "Exercise2", "Exercise2\Exercise2.csproj", "{7019D358-3798-467C-ADC3-D6700306B1E0}"
EndProject
Project("{FAE04EC0-301F-11D3-BF4B-00C04F79EFBC}") = "Exercise4", "Exercise4\Exercise4.csproj", "{734B50AE-B643-4519-96C0-AA9D1E0697B8}"
EndProject
Project("{FAE04EC0-301F-11D3-BF4B-00C04F79EFBC}") = "MathLib", "MathLib\MathLib.csproj", "{18501A25-5608-48E1-BE70-775AE0F7A20B}"
EndProject
Project("{FAE04EC0-301F-11D3-BF4B-00C04F79EFBC}") = "Exercise7", "Exercise7\Exercise7.csproj", "{82C0301B-45F4-47FC-8F79-4B21C14882E7}"
EndProject
Project("{FAE04EC0-301F-11D3-BF4B-00C04F79EFBC}") = "Exercise8", "Exercise8\Exercise8.csproj", "{4A94CAD9-FD89-4A1E-BAF1-844EBC94134E}"
EndProject
Project("{FAE04EC0-301F-11D3-BF4B-00C04F79EFBC}") = "Exercise9", "Exercise9\Exercise9.csproj", "{CAB36C95-5486-41E0-A9AB-1168BD3D1AAE}"
EndProject
Project("{FAE04EC0-301F-11D3-BF4B-00C04F79EFBC}") = "Exercise10", "Exercise10\Exercise10.csproj", "{87185B85-111C-4A62-86D7-33A2E247AB8B}"
EndProject
Project("{FAE04EC0-301F-11D3-BF4B-00C04F79EFBC}") = "Exercise11", "Exercise11\Exercise11.csproj", "{9EECBD4E-ABA2-4EA7-960C-237EEF815A42}"
EndProject
Project("{2150E333-8FDC-42A3-9474-1A3956D46DE8}") = "Session2", "Session2", "{87D58189-B571-4B37-B07B-C0DDF593B6AA}"
EndProject
Project("{FAE04EC0-301F-11D3-BF4B-00C04F79EFBC}") = "Exercise1_Polymorphism", "Exercise1_Polymorphism\Exercise1_Polymorphism.csproj", "{EC80822C-3E1A-4C40-9C3C-9F33BE550BFF}"
EndProject
Project("{FAE04EC0-301F-11D3-BF4B-00C04F79EFBC}") = "Session2_Exercise4", "Session2_Exercise4\Session2_Exercise4.csproj", "{EDEA5A61-EA31-4E88-A41E-75B7C8E5B31A}"
EndProject
Project("{FAE04EC0-301F-11D3-BF4B-00C04F79EFBC}") = "Session2_Ex5", "Session2_Ex5\Session2_Ex5.csproj", "{E50256A8-CD9A-4DA1-9D85-2896732F94E5}"
EndProject
Project("{FAE04EC0-301F-11D3-BF4B-00C04F79EFBC}") = "Session2_Ex6", "Session2_Ex6\Session2_Ex6.csproj", "{D1157290-C09C-4E14-9929-02B6681F77EB}"
EndProject
Project("{2150E333-8FDC-42A3-9474-1A3956D46DE8}") = "Session3", "Session3", "{73E0EE43-F782-4400-8309-B2BCE8E0AE65}"
EndProject
Project("{FAE04EC0-301F-11D3-BF4B-00C04F79EFBC}") = "Session3_Ex1", "Session3_Ex1\Session3_Ex1.csproj", "{4C1258B2-DDE4-4AD3-9D5C-87538D0F3695}"
EndProject
Global
	GlobalSection(SolutionConfigurationPlatforms) = preSolution
		Debug|Any CPU = Debug|Any CPU
		Release|Any CPU = Release|Any CPU
	EndGlobalSection
	GlobalSection(NestedProjects) = preSolution
		{EF15A71E-2D45-4793-866E-3F20A3B4D63A} = {63EDC873-2F34-4447-AFA7-7D966429B5BD}
		{7019D358-3798-467C-ADC3-D6700306B1E0} = {63EDC873-2F34-4447-AFA7-7D966429B5BD}
		{734B50AE-B643-4519-96C0-AA9D1E0697B8} = {63EDC873-2F34-4447-AFA7-7D966429B5BD}
		{18501A25-5608-48E1-BE70-775AE0F7A20B} = {63EDC873-2F34-4447-AFA7-7D966429B5BD}
		{82C0301B-45F4-47FC-8F79-4B21C14882E7} = {63EDC873-2F34-4447-AFA7-7D966429B5BD}
		{4A94CAD9-FD89-4A1E-BAF1-844EBC94134E} = {63EDC873-2F34-4447-AFA7-7D966429B5BD}
		{CAB36C95-5486-41E0-A9AB-1168BD3D1AAE} = {63EDC873-2F34-4447-AFA7-7D966429B5BD}
		{87185B85-111C-4A62-86D7-33A2E247AB8B} = {63EDC873-2F34-4447-AFA7-7D966429B5BD}
		{9EECBD4E-ABA2-4EA7-960C-237EEF815A42} = {63EDC873-2F34-4447-AFA7-7D966429B5BD}
		{EC80822C-3E1A-4C40-9C3C-9F33BE550BFF} = {87D58189-B571-4B37-B07B-C0DDF593B6AA}
		{EDEA5A61-EA31-4E88-A41E-75B7C8E5B31A} = {87D58189-B571-4B37-B07B-C0DDF593B6AA}
		{E50256A8-CD9A-4DA1-9D85-2896732F94E5} = {87D58189-B571-4B37-B07B-C0DDF593B6AA}
		{D1157290-C09C-4E14-9929-02B6681F77EB} = {87D58189-B571-4B37-B07B-C0DDF593B6AA}
		{4C1258B2-DDE4-4AD3-9D5C-87538D0F3695} = {73E0EE43-F782-4400-8309-B2BCE8E0AE65}
	EndGlobalSection
	GlobalSection(ProjectConfigurationPlatforms) = postSolution
		{EF15A71E-2D45-4793-866E-3F20A3B4D63A}.Debug|Any CPU.ActiveCfg = Debug|Any CPU
		{EF15A71E-2D45-4793-866E-3F20A3B4D63A}.Debug|Any CPU.Build.0 = Debug|Any CPU
		{EF15A71E-2D45-4793-866E-3F20A3B4D63A}.Release|Any CPU.ActiveCfg = Release|Any CPU
		{EF15A71E-2D45-4793-866E-3F20A3B4D63A}.Release|Any CPU.Build.0 = Release|Any CPU
		{7019D358-3798-467C-ADC3-D6700306B1E0}.Debug|Any CPU.ActiveCfg = Debug|Any CPU
		{7019D358-3798-467C-ADC3-D6700306B1E0}.Debug|Any CPU.Build.0 = Debug|Any CPU
		{7019D358-3798-467C-ADC3-D6700306B1E0}.Release|Any CPU.ActiveCfg = Release|Any CPU
		{7019D358-3798-467C-ADC3-D6700306B1E0}.Release|Any CPU.Build.0 = Release|Any CPU
		{734B50AE-B643-4519-96C0-AA9D1E0697B8}.Debug|Any CPU.ActiveCfg = Debug|Any CPU
		{734B50AE-B643-4519-96C0-AA9D1E0697B8}.Debug|Any CPU.Build.0 = Debug|Any CPU
		{734B50AE-B643-4519-96C0-AA9D1E0697B8}.Release|Any CPU.ActiveCfg = Release|Any CPU
		{734B50AE-B643-4519-96C0-AA9D1E0697B8}.Release|Any CPU.Build.0 = Release|Any CPU
		{18501A25-5608-48E1-BE70-775AE0F7A20B}.Debug|Any CPU.ActiveCfg = Debug|Any CPU
		{18501A25-5608-48E1-BE70-775AE0F7A20B}.Debug|Any CPU.Build.0 = Debug|Any CPU
		{18501A25-5608-48E1-BE70-775AE0F7A20B}.Release|Any CPU.ActiveCfg = Release|Any CPU
		{18501A25-5608-48E1-BE70-775AE0F7A20B}.Release|Any CPU.Build.0 = Release|Any CPU
		{82C0301B-45F4-47FC-8F79-4B21C14882E7}.Debug|Any CPU.ActiveCfg = Debug|Any CPU
		{82C0301B-45F4-47FC-8F79-4B21C14882E7}.Debug|Any CPU.Build.0 = Debug|Any CPU
		{82C0301B-45F4-47FC-8F79-4B21C14882E7}.Release|Any CPU.ActiveCfg = Release|Any CPU
		{82C0301B-45F4-47FC-8F79-4B21C14882E7}.Release|Any CPU.Build.0 = Release|Any CPU
		{4A94CAD9-FD89-4A1E-BAF1-844EBC94134E}.Debug|Any CPU.ActiveCfg = Debug|Any CPU
		{4A94CAD9-FD89-4A1E-BAF1-844EBC94134E}.Debug|Any CPU.Build.0 = Debug|Any CPU
		{4A94CAD9-FD89-4A1E-BAF1-844EBC94134E}.Release|Any CPU.ActiveCfg = Release|Any CPU
		{4A94CAD9-FD89-4A1E-BAF1-844EBC94134E}.Release|Any CPU.Build.0 = Release|Any CPU
		{CAB36C95-5486-41E0-A9AB-1168BD3D1AAE}.Debug|Any CPU.ActiveCfg = Debug|Any CPU
		{CAB36C95-5486-41E0-A9AB-1168BD3D1AAE}.Debug|Any CPU.Build.0 = Debug|Any CPU
		{CAB36C95-5486-41E0-A9AB-1168BD3D1AAE}.Release|Any CPU.ActiveCfg = Release|Any CPU
		{CAB36C95-5486-41E0-A9AB-1168BD3D1AAE}.Release|Any CPU.Build.0 = Release|Any CPU
		{87185B85-111C-4A62-86D7-33A2E247AB8B}.Debug|Any CPU.ActiveCfg = Debug|Any CPU
		{87185B85-111C-4A62-86D7-33A2E247AB8B}.Debug|Any CPU.Build.0 = Debug|Any CPU
		{87185B85-111C-4A62-86D7-33A2E247AB8B}.Release|Any CPU.ActiveCfg = Release|Any CPU
		{87185B85-111C-4A62-86D7-33A2E247AB8B}.Release|Any CPU.Build.0 = Release|Any CPU
		{9EECBD4E-ABA2-4EA7-960C-237EEF815A42}.Debug|Any CPU.ActiveCfg = Debug|Any CPU
		{9EECBD4E-ABA2-4EA7-960C-237EEF815A42}.Debug|Any CPU.Build.0 = Debug|Any CPU
		{9EECBD4E-ABA2-4EA7-960C-237EEF815A42}.Release|Any CPU.ActiveCfg = Release|Any CPU
		{9EECBD4E-ABA2-4EA7-960C-237EEF815A42}.Release|Any CPU.Build.0 = Release|Any CPU
		{EC80822C-3E1A-4C40-9C3C-9F33BE550BFF}.Debug|Any CPU.ActiveCfg = Debug|Any CPU
		{EC80822C-3E1A-4C40-9C3C-9F33BE550BFF}.Debug|Any CPU.Build.0 = Debug|Any CPU
		{EC80822C-3E1A-4C40-9C3C-9F33BE550BFF}.Release|Any CPU.ActiveCfg = Release|Any CPU
		{EC80822C-3E1A-4C40-9C3C-9F33BE550BFF}.Release|Any CPU.Build.0 = Release|Any CPU
		{EDEA5A61-EA31-4E88-A41E-75B7C8E5B31A}.Debug|Any CPU.ActiveCfg = Debug|Any CPU
		{EDEA5A61-EA31-4E88-A41E-75B7C8E5B31A}.Debug|Any CPU.Build.0 = Debug|Any CPU
		{EDEA5A61-EA31-4E88-A41E-75B7C8E5B31A}.Release|Any CPU.ActiveCfg = Release|Any CPU
		{EDEA5A61-EA31-4E88-A41E-75B7C8E5B31A}.Release|Any CPU.Build.0 = Release|Any CPU
		{E50256A8-CD9A-4DA1-9D85-2896732F94E5}.Debug|Any CPU.ActiveCfg = Debug|Any CPU
		{E50256A8-CD9A-4DA1-9D85-2896732F94E5}.Debug|Any CPU.Build.0 = Debug|Any CPU
		{E50256A8-CD9A-4DA1-9D85-2896732F94E5}.Release|Any CPU.ActiveCfg = Release|Any CPU
		{E50256A8-CD9A-4DA1-9D85-2896732F94E5}.Release|Any CPU.Build.0 = Release|Any CPU
		{D1157290-C09C-4E14-9929-02B6681F77EB}.Debug|Any CPU.ActiveCfg = Debug|Any CPU
		{D1157290-C09C-4E14-9929-02B6681F77EB}.Debug|Any CPU.Build.0 = Debug|Any CPU
		{D1157290-C09C-4E14-9929-02B6681F77EB}.Release|Any CPU.ActiveCfg = Release|Any CPU
		{D1157290-C09C-4E14-9929-02B6681F77EB}.Release|Any CPU.Build.0 = Release|Any CPU
		{4C1258B2-DDE4-4AD3-9D5C-87538D0F3695}.Debug|Any CPU.ActiveCfg = Debug|Any CPU
		{4C1258B2-DDE4-4AD3-9D5C-87538D0F3695}.Debug|Any CPU.Build.0 = Debug|Any CPU
		{4C1258B2-DDE4-4AD3-9D5C-87538D0F3695}.Release|Any CPU.ActiveCfg = Release|Any CPU
		{4C1258B2-DDE4-4AD3-9D5C-87538D0F3695}.Release|Any CPU.Build.0 = Release|Any CPU
	EndGlobalSection
EndGlobal
